
Microsoft Visual Studio Solution File, Format Version 11.00
# Visual Studio 2010
Project("{FAE04EC0-301F-11D3-BF4B-00C04F79EFBC}") = "Home.Habbeh.Entity", "Home.Habbeh.Entity\Home.Habbeh.Entity.csproj", "{295BEA8D-4950-4B67-B4E6-67807D4A48AD}"
EndProject
Project("{FAE04EC0-301F-11D3-BF4B-00C04F79EFBC}") = "Home.Habbeh.DataAccess", "Home.Habbeh.DataAccess\Home.Habbeh.DataAccess.csproj", "{565F2E72-F585-4DE7-AC51-6E911C24E138}"
EndProject
Project("{FAE04EC0-301F-11D3-BF4B-00C04F79EFBC}") = "Home.Habbeh.Business", "Home.Habbeh.Business\Home.Habbeh.Business.csproj", "{27A186F3-46C1-4CE4-800F-4953C51F75AA}"
EndProject
Project("{FAE04EC0-301F-11D3-BF4B-00C04F79EFBC}") = "Home.Habbeh.Presentation", "Home.Habbeh.Presentation\Home.Habbeh.Presentation.csproj", "{3B6CCC02-0467-492A-A361-6AD72A6F3A80}"
EndProject
Project("{FAE04EC0-301F-11D3-BF4B-00C04F79EFBC}") = "Home.Habbeh.Business.Test", "Home.Habbeh.Business.Test\Home.Habbeh.Business.Test.csproj", "{6A967EE2-592D-4F32-9A56-D5D1E56C5B4C}"
EndProject
Project("{2150E333-8FDC-42A3-9474-1A3956D46DE8}") = "Solution Items", "Solution Items", "{1B6AF997-32F5-4BE8-81AB-46451CFD5A83}"
	ProjectSection(SolutionItems) = preProject
		Home.Habbeh.20101.vsmdi = Home.Habbeh.20101.vsmdi
		Local.testsettings = Local.testsettings
		TraceAndTestImpact.testsettings = TraceAndTestImpact.testsettings
	EndProjectSection
EndProject
Project("{FAE04EC0-301F-11D3-BF4B-00C04F79EFBC}") = "Home.Habbeh.DataAccess.Test", "Home.Habbeh.DataAccess.Test\Home.Habbeh.DataAccess.Test.csproj", "{AC3BBBB1-E746-4ED9-86F7-1969B73200A1}"
EndProject
Global
	GlobalSection(TestCaseManagementSettings) = postSolution
		CategoryFile = Home.Habbeh.20101.vsmdi
	EndGlobalSection
	GlobalSection(SolutionConfigurationPlatforms) = preSolution
		Debug|Any CPU = Debug|Any CPU
		Release|Any CPU = Release|Any CPU
	EndGlobalSection
	GlobalSection(ProjectConfigurationPlatforms) = postSolution
		{295BEA8D-4950-4B67-B4E6-67807D4A48AD}.Debug|Any CPU.ActiveCfg = Debug|Any CPU
		{295BEA8D-4950-4B67-B4E6-67807D4A48AD}.Debug|Any CPU.Build.0 = Debug|Any CPU
		{295BEA8D-4950-4B67-B4E6-67807D4A48AD}.Release|Any CPU.ActiveCfg = Release|Any CPU
		{295BEA8D-4950-4B67-B4E6-67807D4A48AD}.Release|Any CPU.Build.0 = Release|Any CPU
		{565F2E72-F585-4DE7-AC51-6E911C24E138}.Debug|Any CPU.ActiveCfg = Debug|Any CPU
		{565F2E72-F585-4DE7-AC51-6E911C24E138}.Debug|Any CPU.Build.0 = Debug|Any CPU
		{565F2E72-F585-4DE7-AC51-6E911C24E138}.Release|Any CPU.ActiveCfg = Release|Any CPU
		{565F2E72-F585-4DE7-AC51-6E911C24E138}.Release|Any CPU.Build.0 = Release|Any CPU
		{27A186F3-46C1-4CE4-800F-4953C51F75AA}.Debug|Any CPU.ActiveCfg = Debug|Any CPU
		{27A186F3-46C1-4CE4-800F-4953C51F75AA}.Debug|Any CPU.Build.0 = Debug|Any CPU
		{27A186F3-46C1-4CE4-800F-4953C51F75AA}.Release|Any CPU.ActiveCfg = Release|Any CPU
		{27A186F3-46C1-4CE4-800F-4953C51F75AA}.Release|Any CPU.Build.0 = Release|Any CPU
		{3B6CCC02-0467-492A-A361-6AD72A6F3A80}.Debug|Any CPU.ActiveCfg = Debug|Any CPU
		{3B6CCC02-0467-492A-A361-6AD72A6F3A80}.Debug|Any CPU.Build.0 = Debug|Any CPU
		{3B6CCC02-0467-492A-A361-6AD72A6F3A80}.Release|Any CPU.ActiveCfg = Release|Any CPU
		{3B6CCC02-0467-492A-A361-6AD72A6F3A80}.Release|Any CPU.Build.0 = Release|Any CPU
		{6A967EE2-592D-4F32-9A56-D5D1E56C5B4C}.Debug|Any CPU.ActiveCfg = Debug|Any CPU
		{6A967EE2-592D-4F32-9A56-D5D1E56C5B4C}.Debug|Any CPU.Build.0 = Debug|Any CPU
		{6A967EE2-592D-4F32-9A56-D5D1E56C5B4C}.Release|Any CPU.ActiveCfg = Release|Any CPU
		{6A967EE2-592D-4F32-9A56-D5D1E56C5B4C}.Release|Any CPU.Build.0 = Release|Any CPU
		{AC3BBBB1-E746-4ED9-86F7-1969B73200A1}.Debug|Any CPU.ActiveCfg = Debug|Any CPU
		{AC3BBBB1-E746-4ED9-86F7-1969B73200A1}.Debug|Any CPU.Build.0 = Debug|Any CPU
		{AC3BBBB1-E746-4ED9-86F7-1969B73200A1}.Release|Any CPU.ActiveCfg = Release|Any CPU
		{AC3BBBB1-E746-4ED9-86F7-1969B73200A1}.Release|Any CPU.Build.0 = Release|Any CPU
	EndGlobalSection
	GlobalSection(SolutionProperties) = preSolution
		HideSolutionNode = FALSE
	EndGlobalSection
EndGlobal
